
Microsoft Visual Studio Solution File, Format Version 12.00
# Visual Studio Version 17
VisualStudioVersion = 17.4.33213.308
MinimumVisualStudioVersion = 10.0.40219.1
Project("{FAE04EC0-301F-11D3-BF4B-00C04F79EFBC}") = "Date", "Date\Date.csproj", "{477A6701-3350-4412-87FC-E735C6E08336}"
EndProject
Global
	GlobalSection(SolutionConfigurationPlatforms) = preSolution
		Debug|Any CPU = Debug|Any CPU
		Release|Any CPU = Release|Any CPU
	EndGlobalSection
	GlobalSection(ProjectConfigurationPlatforms) = postSolution
		{477A6701-3350-4412-87FC-E735C6E08336}.Debug|Any CPU.ActiveCfg = Debug|Any CPU
		{477A6701-3350-4412-87FC-E735C6E08336}.Debug|Any CPU.Build.0 = Debug|Any CPU
		{477A6701-3350-4412-87FC-E735C6E08336}.Release|Any CPU.ActiveCfg = Release|Any CPU
		{477A6701-3350-4412-87FC-E735C6E08336}.Release|Any CPU.Build.0 = Release|Any CPU
	EndGlobalSection
	GlobalSection(SolutionProperties) = preSolution
		HideSolutionNode = FALSE
	EndGlobalSection
	GlobalSection(ExtensibilityGlobals) = postSolution
		SolutionGuid = {1AE20FC1-C312-44DD-8546-99F39162BE03}
	EndGlobalSection
EndGlobal
